{
  "name": "testing",
  "version": "1.0.0",
  "lockfileVersion": 3,
  "requires": true,
  "packages": {
    "": {
      "name": "testing",
      "version": "1.0.0",
      "license": "ISC",
      "dependencies": {
        "ag-grid-community": "^33.2.3"
      }
    },
    "node_modules/ag-charts-types": {
      "version": "11.2.3",
      "resolved": "https://registry.npmjs.org/ag-charts-types/-/ag-charts-types-11.2.3.tgz",
      "integrity": "sha512-W7NcNp1z+6T6uBoguxjZUfhgY6085hHtv5a+8GCUwg7b9oWbxkWHsP0Cu5tDNo2mrqHic6BSzQd2w5d3X1clEg==",
      "license": "MIT"
    },
    "node_modules/ag-grid-community": {
      "version": "33.2.3",
      "resolved": "https://registry.npmjs.org/ag-grid-community/-/ag-grid-community-33.2.3.tgz",
      "integrity": "sha512-a10k9e2MHVE7YrqqcFAoSTwI7kmAX5TS+z0uhqc6YFEprOvAZojZmLnWQM6hSQbjxnahX7gKEFR/GNbJD9F0NA==",
      "license": "MIT",
      "dependencies": {
        "ag-charts-types": "11.2.3"
      }
    }
  }
}
